# THIS IS AN AUTOGENERATED FILE. DO NOT EDIT THIS FILE DIRECTLY.
# yarn lockfile v1


three@^0.143.0:
  version "0.143.0"
  resolved "https://registry.yarnpkg.com/three/-/three-0.143.0.tgz#1455bca132cc2b20beb7f41d313e10c29e5ed9df"
  integrity sha512-oKcAGYHhJ46TGEuHjodo2n6TY2R6lbvrkp+feKZxqsUL/WkH7GKKaeu6RHeyb2Xjfk2dPLRKLsOP0KM2VgT8Zg==
